
Microsoft Visual Studio Solution File, Format Version 12.00
# Visual Studio Version 16
VisualStudioVersion = 16.0.30011.22
MinimumVisualStudioVersion = 10.0.40219.1
Project("{FAE04EC0-301F-11D3-BF4B-00C04F79EFBC}") = "eFileApp", "eFileApp\eFileApp.csproj", "{DD50085F-14A4-4120-AB4A-592699876CD2}"
EndProject
Global
	GlobalSection(SolutionConfigurationPlatforms) = preSolution
		Debug|Any CPU = Debug|Any CPU
		Release|Any CPU = Release|Any CPU
	EndGlobalSection
	GlobalSection(ProjectConfigurationPlatforms) = postSolution
		{DD50085F-14A4-4120-AB4A-592699876CD2}.Debug|Any CPU.ActiveCfg = Debug|Any CPU
		{DD50085F-14A4-4120-AB4A-592699876CD2}.Debug|Any CPU.Build.0 = Debug|Any CPU
		{DD50085F-14A4-4120-AB4A-592699876CD2}.Release|Any CPU.ActiveCfg = Release|Any CPU
		{DD50085F-14A4-4120-AB4A-592699876CD2}.Release|Any CPU.Build.0 = Release|Any CPU
	EndGlobalSection
	GlobalSection(SolutionProperties) = preSolution
		HideSolutionNode = FALSE
	EndGlobalSection
	GlobalSection(ExtensibilityGlobals) = postSolution
		SolutionGuid = {1963549C-04F0-446E-BC9D-078A8F87AF40}
	EndGlobalSection
EndGlobal
